
Microsoft Visual Studio Solution File, Format Version 12.00
# Visual Studio Version 16
VisualStudioVersion = 16.0.31019.35
MinimumVisualStudioVersion = 10.0.40219.1
Project("{FAE04EC0-301F-11D3-BF4B-00C04F79EFBC}") = "ConsultarCEPs", "ConsultarCEPs\ConsultarCEPs.csproj", "{FE78A7A0-E09C-470E-AC11-B33DBC075BEC}"
EndProject
Global
	GlobalSection(SolutionConfigurationPlatforms) = preSolution
		Debug|Any CPU = Debug|Any CPU
		Release|Any CPU = Release|Any CPU
	EndGlobalSection
	GlobalSection(ProjectConfigurationPlatforms) = postSolution
		{FE78A7A0-E09C-470E-AC11-B33DBC075BEC}.Debug|Any CPU.ActiveCfg = Debug|Any CPU
		{FE78A7A0-E09C-470E-AC11-B33DBC075BEC}.Debug|Any CPU.Build.0 = Debug|Any CPU
		{FE78A7A0-E09C-470E-AC11-B33DBC075BEC}.Release|Any CPU.ActiveCfg = Release|Any CPU
		{FE78A7A0-E09C-470E-AC11-B33DBC075BEC}.Release|Any CPU.Build.0 = Release|Any CPU
	EndGlobalSection
	GlobalSection(SolutionProperties) = preSolution
		HideSolutionNode = FALSE
	EndGlobalSection
	GlobalSection(ExtensibilityGlobals) = postSolution
		SolutionGuid = {D4C69A3F-DEDE-469D-ABEB-8A76B217A259}
	EndGlobalSection
EndGlobal
